
Microsoft Visual Studio Solution File, Format Version 12.00
# Visual Studio Version 17
VisualStudioVersion = 17.0.31903.59
MinimumVisualStudioVersion = 10.0.40219.1
Project("{9A19103F-16F7-4668-BE54-9A1E7A4F7556}") = "Demo", "Demo\Demo.csproj", "{4A246F9D-CC09-475F-B9F5-1974B0709D07}"
EndProject
Project("{9A19103F-16F7-4668-BE54-9A1E7A4F7556}") = "Laifu.OpenCv", "Laifu.OpenCv\Laifu.OpenCv.csproj", "{3E3190D0-0654-4F73-B785-98169246CE07}"
EndProject
Global
	GlobalSection(SolutionConfigurationPlatforms) = preSolution
		Debug|Any CPU = Debug|Any CPU
		Debug|x64 = Debug|x64
		Release|Any CPU = Release|Any CPU
		Release|x64 = Release|x64
	EndGlobalSection
	GlobalSection(ProjectConfigurationPlatforms) = postSolution
		{4A246F9D-CC09-475F-B9F5-1974B0709D07}.Debug|Any CPU.ActiveCfg = Debug|Any CPU
		{4A246F9D-CC09-475F-B9F5-1974B0709D07}.Debug|Any CPU.Build.0 = Debug|Any CPU
		{4A246F9D-CC09-475F-B9F5-1974B0709D07}.Debug|x64.ActiveCfg = Debug|x64
		{4A246F9D-CC09-475F-B9F5-1974B0709D07}.Debug|x64.Build.0 = Debug|x64
		{4A246F9D-CC09-475F-B9F5-1974B0709D07}.Release|Any CPU.ActiveCfg = Release|Any CPU
		{4A246F9D-CC09-475F-B9F5-1974B0709D07}.Release|Any CPU.Build.0 = Release|Any CPU
		{4A246F9D-CC09-475F-B9F5-1974B0709D07}.Release|x64.ActiveCfg = Release|x64
		{4A246F9D-CC09-475F-B9F5-1974B0709D07}.Release|x64.Build.0 = Release|x64
		{3E3190D0-0654-4F73-B785-98169246CE07}.Debug|Any CPU.ActiveCfg = Debug|Any CPU
		{3E3190D0-0654-4F73-B785-98169246CE07}.Debug|Any CPU.Build.0 = Debug|Any CPU
		{3E3190D0-0654-4F73-B785-98169246CE07}.Debug|x64.ActiveCfg = Debug|Any CPU
		{3E3190D0-0654-4F73-B785-98169246CE07}.Debug|x64.Build.0 = Debug|Any CPU
		{3E3190D0-0654-4F73-B785-98169246CE07}.Release|Any CPU.ActiveCfg = Release|Any CPU
		{3E3190D0-0654-4F73-B785-98169246CE07}.Release|Any CPU.Build.0 = Release|Any CPU
		{3E3190D0-0654-4F73-B785-98169246CE07}.Release|x64.ActiveCfg = Release|Any CPU
		{3E3190D0-0654-4F73-B785-98169246CE07}.Release|x64.Build.0 = Release|Any CPU
	EndGlobalSection
	GlobalSection(SolutionProperties) = preSolution
		HideSolutionNode = FALSE
	EndGlobalSection
	GlobalSection(ExtensibilityGlobals) = postSolution
		SolutionGuid = {B0E1F75A-A3CF-4993-8228-E5E4D8F22F45}
	EndGlobalSection
EndGlobal
