
Microsoft Visual Studio Solution File, Format Version 12.00
# Visual Studio Version 17
VisualStudioVersion = 17.0.31903.59
MinimumVisualStudioVersion = 10.0.40219.1
Project("{9A19103F-16F7-4668-BE54-9A1E7A4F7556}") = "Laifu.OpenCv", "cs\Laifu.OpenCv\Laifu.OpenCv.csproj", "{49FB9F42-3727-4EB8-8CC1-6490FCDDE906}"
EndProject
Project("{9A19103F-16F7-4668-BE54-9A1E7A4F7556}") = "Laifu.OpenCv.Test", "cs\Laifu.OpenCv.Test\Laifu.OpenCv.Test.csproj", "{D4F6F03B-568B-42B2-ADF3-CF345E414E7E}"
EndProject
Project("{9A19103F-16F7-4668-BE54-9A1E7A4F7556}") = "Laifu.OpenCv.Benchmark", "cs\Laifu.OpenCv.Benchmark\Laifu.OpenCv.Benchmark.csproj", "{B8D43BC1-6720-4FFB-987B-03BDBA56E688}"
EndProject
Project("{2150E333-8FDC-42A3-9474-1A3956D46DE8}") = "Solution Items", "Solution Items", "{999BDE38-2180-405C-A7A6-2903EB78FA36}"
	ProjectSection(SolutionItems) = preProject
		cpp\build.bat = cpp\build.bat
		cs\Laifu.OpenCv\Cv2\Microscope\README.md = cs\Laifu.OpenCv\Cv2\Microscope\README.md
		README.md = README.md
	EndProjectSection
EndProject
Project("{2150E333-8FDC-42A3-9474-1A3956D46DE8}") = "test", "test", "{EAB5233E-1AF2-477F-866E-F15A76B2942B}"
EndProject
Project("{8BC9CEB8-8B4A-11D0-8D11-00A0C91BC942}") = "Laifu.OpenCv.External.Build", "cs\Laifu.OpenCv.External.Build\Laifu.OpenCv.External.Build.vcxproj", "{6BD84BDF-CD67-42B7-9FFA-2750D2ACE49B}"
EndProject
Project("{2150E333-8FDC-42A3-9474-1A3956D46DE8}") = "stitching", "stitching", "{B647D1ED-FEA5-4BA7-82D6-2DB27CBCE478}"
EndProject
Project("{FAE04EC0-301F-11D3-BF4B-00C04F79EFBC}") = "Laifu.Stitching.Core", "cs\Laifu.Stitching.Core\Laifu.Stitching.Core.csproj", "{85956B8C-4B0A-4353-A8EF-B77C32918F74}"
EndProject
Project("{FAE04EC0-301F-11D3-BF4B-00C04F79EFBC}") = "Laifu.Stitching.Wpf", "cs\Laifu.Stitching.Wpf\Laifu.Stitching.Wpf.csproj", "{B6AC7898-FAB2-42E4-B974-8D1F3C32C16F}"
EndProject
Global
	GlobalSection(SolutionConfigurationPlatforms) = preSolution
		Debug|Any CPU = Debug|Any CPU
		Debug|x64 = Debug|x64
		Debug|x86 = Debug|x86
		MinSizeRel|Any CPU = MinSizeRel|Any CPU
		MinSizeRel|x64 = MinSizeRel|x64
		MinSizeRel|x86 = MinSizeRel|x86
		Release|Any CPU = Release|Any CPU
		Release|x64 = Release|x64
		Release|x86 = Release|x86
		RelWithDebInfo|Any CPU = RelWithDebInfo|Any CPU
		RelWithDebInfo|x64 = RelWithDebInfo|x64
		RelWithDebInfo|x86 = RelWithDebInfo|x86
	EndGlobalSection
	GlobalSection(ProjectConfigurationPlatforms) = postSolution
		{49FB9F42-3727-4EB8-8CC1-6490FCDDE906}.Debug|Any CPU.ActiveCfg = Debug|Any CPU
		{49FB9F42-3727-4EB8-8CC1-6490FCDDE906}.Debug|Any CPU.Build.0 = Debug|Any CPU
		{49FB9F42-3727-4EB8-8CC1-6490FCDDE906}.Debug|x64.ActiveCfg = Debug|Any CPU
		{49FB9F42-3727-4EB8-8CC1-6490FCDDE906}.Debug|x64.Build.0 = Debug|Any CPU
		{49FB9F42-3727-4EB8-8CC1-6490FCDDE906}.Debug|x86.ActiveCfg = Debug|Any CPU
		{49FB9F42-3727-4EB8-8CC1-6490FCDDE906}.Debug|x86.Build.0 = Debug|Any CPU
		{49FB9F42-3727-4EB8-8CC1-6490FCDDE906}.MinSizeRel|Any CPU.ActiveCfg = Release|Any CPU
		{49FB9F42-3727-4EB8-8CC1-6490FCDDE906}.MinSizeRel|Any CPU.Build.0 = Release|Any CPU
		{49FB9F42-3727-4EB8-8CC1-6490FCDDE906}.MinSizeRel|x64.ActiveCfg = Release|Any CPU
		{49FB9F42-3727-4EB8-8CC1-6490FCDDE906}.MinSizeRel|x64.Build.0 = Release|Any CPU
		{49FB9F42-3727-4EB8-8CC1-6490FCDDE906}.MinSizeRel|x86.ActiveCfg = Release|Any CPU
		{49FB9F42-3727-4EB8-8CC1-6490FCDDE906}.MinSizeRel|x86.Build.0 = Release|Any CPU
		{49FB9F42-3727-4EB8-8CC1-6490FCDDE906}.Release|Any CPU.ActiveCfg = Release|Any CPU
		{49FB9F42-3727-4EB8-8CC1-6490FCDDE906}.Release|Any CPU.Build.0 = Release|Any CPU
		{49FB9F42-3727-4EB8-8CC1-6490FCDDE906}.Release|x64.ActiveCfg = Release|Any CPU
		{49FB9F42-3727-4EB8-8CC1-6490FCDDE906}.Release|x64.Build.0 = Release|Any CPU
		{49FB9F42-3727-4EB8-8CC1-6490FCDDE906}.Release|x86.ActiveCfg = Release|Any CPU
		{49FB9F42-3727-4EB8-8CC1-6490FCDDE906}.Release|x86.Build.0 = Release|Any CPU
		{49FB9F42-3727-4EB8-8CC1-6490FCDDE906}.RelWithDebInfo|Any CPU.ActiveCfg = Release|Any CPU
		{49FB9F42-3727-4EB8-8CC1-6490FCDDE906}.RelWithDebInfo|Any CPU.Build.0 = Release|Any CPU
		{49FB9F42-3727-4EB8-8CC1-6490FCDDE906}.RelWithDebInfo|x64.ActiveCfg = Release|Any CPU
		{49FB9F42-3727-4EB8-8CC1-6490FCDDE906}.RelWithDebInfo|x64.Build.0 = Release|Any CPU
		{49FB9F42-3727-4EB8-8CC1-6490FCDDE906}.RelWithDebInfo|x86.ActiveCfg = Release|Any CPU
		{49FB9F42-3727-4EB8-8CC1-6490FCDDE906}.RelWithDebInfo|x86.Build.0 = Release|Any CPU
		{D4F6F03B-568B-42B2-ADF3-CF345E414E7E}.Debug|Any CPU.ActiveCfg = Debug|Any CPU
		{D4F6F03B-568B-42B2-ADF3-CF345E414E7E}.Debug|Any CPU.Build.0 = Debug|Any CPU
		{D4F6F03B-568B-42B2-ADF3-CF345E414E7E}.Debug|x64.ActiveCfg = Debug|Any CPU
		{D4F6F03B-568B-42B2-ADF3-CF345E414E7E}.Debug|x64.Build.0 = Debug|Any CPU
		{D4F6F03B-568B-42B2-ADF3-CF345E414E7E}.Debug|x86.ActiveCfg = Debug|Any CPU
		{D4F6F03B-568B-42B2-ADF3-CF345E414E7E}.Debug|x86.Build.0 = Debug|Any CPU
		{D4F6F03B-568B-42B2-ADF3-CF345E414E7E}.MinSizeRel|Any CPU.ActiveCfg = Debug|Any CPU
		{D4F6F03B-568B-42B2-ADF3-CF345E414E7E}.MinSizeRel|Any CPU.Build.0 = Debug|Any CPU
		{D4F6F03B-568B-42B2-ADF3-CF345E414E7E}.MinSizeRel|x64.ActiveCfg = Debug|Any CPU
		{D4F6F03B-568B-42B2-ADF3-CF345E414E7E}.MinSizeRel|x64.Build.0 = Debug|Any CPU
		{D4F6F03B-568B-42B2-ADF3-CF345E414E7E}.MinSizeRel|x86.ActiveCfg = Release|Any CPU
		{D4F6F03B-568B-42B2-ADF3-CF345E414E7E}.MinSizeRel|x86.Build.0 = Release|Any CPU
		{D4F6F03B-568B-42B2-ADF3-CF345E414E7E}.Release|Any CPU.ActiveCfg = Release|Any CPU
		{D4F6F03B-568B-42B2-ADF3-CF345E414E7E}.Release|Any CPU.Build.0 = Release|Any CPU
		{D4F6F03B-568B-42B2-ADF3-CF345E414E7E}.Release|x64.ActiveCfg = Release|Any CPU
		{D4F6F03B-568B-42B2-ADF3-CF345E414E7E}.Release|x64.Build.0 = Release|Any CPU
		{D4F6F03B-568B-42B2-ADF3-CF345E414E7E}.Release|x86.ActiveCfg = Release|Any CPU
		{D4F6F03B-568B-42B2-ADF3-CF345E414E7E}.Release|x86.Build.0 = Release|Any CPU
		{D4F6F03B-568B-42B2-ADF3-CF345E414E7E}.RelWithDebInfo|Any CPU.ActiveCfg = Release|Any CPU
		{D4F6F03B-568B-42B2-ADF3-CF345E414E7E}.RelWithDebInfo|Any CPU.Build.0 = Release|Any CPU
		{D4F6F03B-568B-42B2-ADF3-CF345E414E7E}.RelWithDebInfo|x64.ActiveCfg = Release|Any CPU
		{D4F6F03B-568B-42B2-ADF3-CF345E414E7E}.RelWithDebInfo|x64.Build.0 = Release|Any CPU
		{D4F6F03B-568B-42B2-ADF3-CF345E414E7E}.RelWithDebInfo|x86.ActiveCfg = Release|Any CPU
		{D4F6F03B-568B-42B2-ADF3-CF345E414E7E}.RelWithDebInfo|x86.Build.0 = Release|Any CPU
		{B8D43BC1-6720-4FFB-987B-03BDBA56E688}.Debug|Any CPU.ActiveCfg = Debug|Any CPU
		{B8D43BC1-6720-4FFB-987B-03BDBA56E688}.Debug|Any CPU.Build.0 = Debug|Any CPU
		{B8D43BC1-6720-4FFB-987B-03BDBA56E688}.Debug|x64.ActiveCfg = Debug|Any CPU
		{B8D43BC1-6720-4FFB-987B-03BDBA56E688}.Debug|x64.Build.0 = Debug|Any CPU
		{B8D43BC1-6720-4FFB-987B-03BDBA56E688}.Debug|x86.ActiveCfg = Debug|Any CPU
		{B8D43BC1-6720-4FFB-987B-03BDBA56E688}.Debug|x86.Build.0 = Debug|Any CPU
		{B8D43BC1-6720-4FFB-987B-03BDBA56E688}.MinSizeRel|Any CPU.ActiveCfg = Debug|Any CPU
		{B8D43BC1-6720-4FFB-987B-03BDBA56E688}.MinSizeRel|Any CPU.Build.0 = Debug|Any CPU
		{B8D43BC1-6720-4FFB-987B-03BDBA56E688}.MinSizeRel|x64.ActiveCfg = Debug|Any CPU
		{B8D43BC1-6720-4FFB-987B-03BDBA56E688}.MinSizeRel|x64.Build.0 = Debug|Any CPU
		{B8D43BC1-6720-4FFB-987B-03BDBA56E688}.MinSizeRel|x86.ActiveCfg = Release|Any CPU
		{B8D43BC1-6720-4FFB-987B-03BDBA56E688}.MinSizeRel|x86.Build.0 = Release|Any CPU
		{B8D43BC1-6720-4FFB-987B-03BDBA56E688}.Release|Any CPU.ActiveCfg = Release|Any CPU
		{B8D43BC1-6720-4FFB-987B-03BDBA56E688}.Release|Any CPU.Build.0 = Release|Any CPU
		{B8D43BC1-6720-4FFB-987B-03BDBA56E688}.Release|x64.ActiveCfg = Release|Any CPU
		{B8D43BC1-6720-4FFB-987B-03BDBA56E688}.Release|x64.Build.0 = Release|Any CPU
		{B8D43BC1-6720-4FFB-987B-03BDBA56E688}.Release|x86.ActiveCfg = Release|Any CPU
		{B8D43BC1-6720-4FFB-987B-03BDBA56E688}.Release|x86.Build.0 = Release|Any CPU
		{B8D43BC1-6720-4FFB-987B-03BDBA56E688}.RelWithDebInfo|Any CPU.ActiveCfg = Release|Any CPU
		{B8D43BC1-6720-4FFB-987B-03BDBA56E688}.RelWithDebInfo|Any CPU.Build.0 = Release|Any CPU
		{B8D43BC1-6720-4FFB-987B-03BDBA56E688}.RelWithDebInfo|x64.ActiveCfg = Release|Any CPU
		{B8D43BC1-6720-4FFB-987B-03BDBA56E688}.RelWithDebInfo|x64.Build.0 = Release|Any CPU
		{B8D43BC1-6720-4FFB-987B-03BDBA56E688}.RelWithDebInfo|x86.ActiveCfg = Release|Any CPU
		{B8D43BC1-6720-4FFB-987B-03BDBA56E688}.RelWithDebInfo|x86.Build.0 = Release|Any CPU
		{6BD84BDF-CD67-42B7-9FFA-2750D2ACE49B}.Debug|Any CPU.ActiveCfg = Debug|x64
		{6BD84BDF-CD67-42B7-9FFA-2750D2ACE49B}.Debug|Any CPU.Build.0 = Debug|x64
		{6BD84BDF-CD67-42B7-9FFA-2750D2ACE49B}.Debug|x64.ActiveCfg = Debug|x64
		{6BD84BDF-CD67-42B7-9FFA-2750D2ACE49B}.Debug|x64.Build.0 = Debug|x64
		{6BD84BDF-CD67-42B7-9FFA-2750D2ACE49B}.Debug|x86.ActiveCfg = Debug|Win32
		{6BD84BDF-CD67-42B7-9FFA-2750D2ACE49B}.Debug|x86.Build.0 = Debug|Win32
		{6BD84BDF-CD67-42B7-9FFA-2750D2ACE49B}.MinSizeRel|Any CPU.ActiveCfg = Debug|x64
		{6BD84BDF-CD67-42B7-9FFA-2750D2ACE49B}.MinSizeRel|Any CPU.Build.0 = Debug|x64
		{6BD84BDF-CD67-42B7-9FFA-2750D2ACE49B}.MinSizeRel|x64.ActiveCfg = Debug|x64
		{6BD84BDF-CD67-42B7-9FFA-2750D2ACE49B}.MinSizeRel|x64.Build.0 = Debug|x64
		{6BD84BDF-CD67-42B7-9FFA-2750D2ACE49B}.MinSizeRel|x86.ActiveCfg = Debug|Win32
		{6BD84BDF-CD67-42B7-9FFA-2750D2ACE49B}.MinSizeRel|x86.Build.0 = Debug|Win32
		{6BD84BDF-CD67-42B7-9FFA-2750D2ACE49B}.Release|Any CPU.ActiveCfg = Release|x64
		{6BD84BDF-CD67-42B7-9FFA-2750D2ACE49B}.Release|Any CPU.Build.0 = Release|x64
		{6BD84BDF-CD67-42B7-9FFA-2750D2ACE49B}.Release|x64.ActiveCfg = Release|x64
		{6BD84BDF-CD67-42B7-9FFA-2750D2ACE49B}.Release|x64.Build.0 = Release|x64
		{6BD84BDF-CD67-42B7-9FFA-2750D2ACE49B}.Release|x86.ActiveCfg = Release|Win32
		{6BD84BDF-CD67-42B7-9FFA-2750D2ACE49B}.Release|x86.Build.0 = Release|Win32
		{6BD84BDF-CD67-42B7-9FFA-2750D2ACE49B}.RelWithDebInfo|Any CPU.ActiveCfg = Release|x64
		{6BD84BDF-CD67-42B7-9FFA-2750D2ACE49B}.RelWithDebInfo|Any CPU.Build.0 = Release|x64
		{6BD84BDF-CD67-42B7-9FFA-2750D2ACE49B}.RelWithDebInfo|x64.ActiveCfg = Release|x64
		{6BD84BDF-CD67-42B7-9FFA-2750D2ACE49B}.RelWithDebInfo|x64.Build.0 = Release|x64
		{6BD84BDF-CD67-42B7-9FFA-2750D2ACE49B}.RelWithDebInfo|x86.ActiveCfg = Release|Win32
		{6BD84BDF-CD67-42B7-9FFA-2750D2ACE49B}.RelWithDebInfo|x86.Build.0 = Release|Win32
		{85956B8C-4B0A-4353-A8EF-B77C32918F74}.Debug|Any CPU.ActiveCfg = Debug|Any CPU
		{85956B8C-4B0A-4353-A8EF-B77C32918F74}.Debug|Any CPU.Build.0 = Debug|Any CPU
		{85956B8C-4B0A-4353-A8EF-B77C32918F74}.Debug|x64.ActiveCfg = Debug|Any CPU
		{85956B8C-4B0A-4353-A8EF-B77C32918F74}.Debug|x64.Build.0 = Debug|Any CPU
		{85956B8C-4B0A-4353-A8EF-B77C32918F74}.Debug|x86.ActiveCfg = Debug|Any CPU
		{85956B8C-4B0A-4353-A8EF-B77C32918F74}.Debug|x86.Build.0 = Debug|Any CPU
		{85956B8C-4B0A-4353-A8EF-B77C32918F74}.MinSizeRel|Any CPU.ActiveCfg = Debug|Any CPU
		{85956B8C-4B0A-4353-A8EF-B77C32918F74}.MinSizeRel|Any CPU.Build.0 = Debug|Any CPU
		{85956B8C-4B0A-4353-A8EF-B77C32918F74}.MinSizeRel|x64.ActiveCfg = Debug|Any CPU
		{85956B8C-4B0A-4353-A8EF-B77C32918F74}.MinSizeRel|x64.Build.0 = Debug|Any CPU
		{85956B8C-4B0A-4353-A8EF-B77C32918F74}.MinSizeRel|x86.ActiveCfg = Debug|Any CPU
		{85956B8C-4B0A-4353-A8EF-B77C32918F74}.MinSizeRel|x86.Build.0 = Debug|Any CPU
		{85956B8C-4B0A-4353-A8EF-B77C32918F74}.Release|Any CPU.ActiveCfg = Release|Any CPU
		{85956B8C-4B0A-4353-A8EF-B77C32918F74}.Release|Any CPU.Build.0 = Release|Any CPU
		{85956B8C-4B0A-4353-A8EF-B77C32918F74}.Release|x64.ActiveCfg = Release|Any CPU
		{85956B8C-4B0A-4353-A8EF-B77C32918F74}.Release|x64.Build.0 = Release|Any CPU
		{85956B8C-4B0A-4353-A8EF-B77C32918F74}.Release|x86.ActiveCfg = Release|Any CPU
		{85956B8C-4B0A-4353-A8EF-B77C32918F74}.Release|x86.Build.0 = Release|Any CPU
		{85956B8C-4B0A-4353-A8EF-B77C32918F74}.RelWithDebInfo|Any CPU.ActiveCfg = Release|Any CPU
		{85956B8C-4B0A-4353-A8EF-B77C32918F74}.RelWithDebInfo|Any CPU.Build.0 = Release|Any CPU
		{85956B8C-4B0A-4353-A8EF-B77C32918F74}.RelWithDebInfo|x64.ActiveCfg = Release|Any CPU
		{85956B8C-4B0A-4353-A8EF-B77C32918F74}.RelWithDebInfo|x64.Build.0 = Release|Any CPU
		{85956B8C-4B0A-4353-A8EF-B77C32918F74}.RelWithDebInfo|x86.ActiveCfg = Release|Any CPU
		{85956B8C-4B0A-4353-A8EF-B77C32918F74}.RelWithDebInfo|x86.Build.0 = Release|Any CPU
		{B6AC7898-FAB2-42E4-B974-8D1F3C32C16F}.Debug|Any CPU.ActiveCfg = Debug|Any CPU
		{B6AC7898-FAB2-42E4-B974-8D1F3C32C16F}.Debug|Any CPU.Build.0 = Debug|Any CPU
		{B6AC7898-FAB2-42E4-B974-8D1F3C32C16F}.Debug|x64.ActiveCfg = Debug|Any CPU
		{B6AC7898-FAB2-42E4-B974-8D1F3C32C16F}.Debug|x64.Build.0 = Debug|Any CPU
		{B6AC7898-FAB2-42E4-B974-8D1F3C32C16F}.Debug|x86.ActiveCfg = Debug|Any CPU
		{B6AC7898-FAB2-42E4-B974-8D1F3C32C16F}.Debug|x86.Build.0 = Debug|Any CPU
		{B6AC7898-FAB2-42E4-B974-8D1F3C32C16F}.MinSizeRel|Any CPU.ActiveCfg = Debug|Any CPU
		{B6AC7898-FAB2-42E4-B974-8D1F3C32C16F}.MinSizeRel|Any CPU.Build.0 = Debug|Any CPU
		{B6AC7898-FAB2-42E4-B974-8D1F3C32C16F}.MinSizeRel|x64.ActiveCfg = Debug|Any CPU
		{B6AC7898-FAB2-42E4-B974-8D1F3C32C16F}.MinSizeRel|x64.Build.0 = Debug|Any CPU
		{B6AC7898-FAB2-42E4-B974-8D1F3C32C16F}.MinSizeRel|x86.ActiveCfg = Debug|Any CPU
		{B6AC7898-FAB2-42E4-B974-8D1F3C32C16F}.MinSizeRel|x86.Build.0 = Debug|Any CPU
		{B6AC7898-FAB2-42E4-B974-8D1F3C32C16F}.Release|Any CPU.ActiveCfg = Release|Any CPU
		{B6AC7898-FAB2-42E4-B974-8D1F3C32C16F}.Release|Any CPU.Build.0 = Release|Any CPU
		{B6AC7898-FAB2-42E4-B974-8D1F3C32C16F}.Release|x64.ActiveCfg = Release|Any CPU
		{B6AC7898-FAB2-42E4-B974-8D1F3C32C16F}.Release|x64.Build.0 = Release|Any CPU
		{B6AC7898-FAB2-42E4-B974-8D1F3C32C16F}.Release|x86.ActiveCfg = Release|Any CPU
		{B6AC7898-FAB2-42E4-B974-8D1F3C32C16F}.Release|x86.Build.0 = Release|Any CPU
		{B6AC7898-FAB2-42E4-B974-8D1F3C32C16F}.RelWithDebInfo|Any CPU.ActiveCfg = Release|Any CPU
		{B6AC7898-FAB2-42E4-B974-8D1F3C32C16F}.RelWithDebInfo|Any CPU.Build.0 = Release|Any CPU
		{B6AC7898-FAB2-42E4-B974-8D1F3C32C16F}.RelWithDebInfo|x64.ActiveCfg = Release|Any CPU
		{B6AC7898-FAB2-42E4-B974-8D1F3C32C16F}.RelWithDebInfo|x64.Build.0 = Release|Any CPU
		{B6AC7898-FAB2-42E4-B974-8D1F3C32C16F}.RelWithDebInfo|x86.ActiveCfg = Release|Any CPU
		{B6AC7898-FAB2-42E4-B974-8D1F3C32C16F}.RelWithDebInfo|x86.Build.0 = Release|Any CPU
	EndGlobalSection
	GlobalSection(SolutionProperties) = preSolution
		HideSolutionNode = FALSE
	EndGlobalSection
	GlobalSection(NestedProjects) = preSolution
		{85956B8C-4B0A-4353-A8EF-B77C32918F74} = {B647D1ED-FEA5-4BA7-82D6-2DB27CBCE478}
		{B6AC7898-FAB2-42E4-B974-8D1F3C32C16F} = {B647D1ED-FEA5-4BA7-82D6-2DB27CBCE478}
	EndGlobalSection
	GlobalSection(ExtensibilityGlobals) = postSolution
		SolutionGuid = {4C2922CF-82CD-4685-9F01-91C2B812BB2B}
	EndGlobalSection
EndGlobal
